// !$*UTF8*$!
{
	archiveVersion = 1;
	classes = {
	};
	objectVersion = 46;
	objects = {

/* Begin PBXBuildFile section */
		34404F031E0AE1FB0085AFC2 /* Notification.swift in Sources */ = {isa = PBXBuildFile; fileRef = 34404F021E0AE1FB0085AFC2 /* Notification.swift */; };
		34404F2E1E0B11CA0085AFC2 /* NotificationIdentifier.swift in Sources */ = {isa = PBXBuildFile; fileRef = 34404F2D1E0B11CA0085AFC2 /* NotificationIdentifier.swift */; };
		34404F5E1E0D68090085AFC2 /* Service.swift in Sources */ = {isa = PBXBuildFile; fileRef = 34404F5D1E0D68090085AFC2 /* Service.swift */; };
		34404F601E0D6A970085AFC2 /* ImageDownloader.swift in Sources */ = {isa = PBXBuildFile; fileRef = 34404F5F1E0D6A970085AFC2 /* ImageDownloader.swift */; };
		34404F631E0D6B8F0085AFC2 /* CacheItem.swift in Sources */ = {isa = PBXBuildFile; fileRef = 34404F621E0D6B8F0085AFC2 /* CacheItem.swift */; };
		34C4B4DA1E08479E00536AB7 /* HomeController.swift in Sources */ = {isa = PBXBuildFile; fileRef = 34C4B4D91E08479E00536AB7 /* HomeController.swift */; };
		34C4B4DF1E08486E00536AB7 /* CategoryCell.swift in Sources */ = {isa = PBXBuildFile; fileRef = 34C4B4DD1E08486E00536AB7 /* CategoryCell.swift */; };
		34C4B4E01E08486E00536AB7 /* CategoryCell.xib in Resources */ = {isa = PBXBuildFile; fileRef = 34C4B4DE1E08486E00536AB7 /* CategoryCell.xib */; };
		34C4B4E31E08490200536AB7 /* Category.swift in Sources */ = {isa = PBXBuildFile; fileRef = 34C4B4E21E08490200536AB7 /* Category.swift */; };
		34C4B4E51E08558000536AB7 /* HomeDataSource.swift in Sources */ = {isa = PBXBuildFile; fileRef = 34C4B4E41E08558000536AB7 /* HomeDataSource.swift */; };
		34C4B4E81E08576600536AB7 /* Just.swift in Sources */ = {isa = PBXBuildFile; fileRef = 34C4B4E71E08576600536AB7 /* Just.swift */; };
		34C4B4EE1E0857E100536AB7 /* CollectionViewReusable.swift in Sources */ = {isa = PBXBuildFile; fileRef = 34C4B4EA1E0857E100536AB7 /* CollectionViewReusable.swift */; };
		34C4B4EF1E0857E100536AB7 /* NibCreatable.swift in Sources */ = {isa = PBXBuildFile; fileRef = 34C4B4EB1E0857E100536AB7 /* NibCreatable.swift */; };
		34C4B4F01E0857E100536AB7 /* Reusable.swift in Sources */ = {isa = PBXBuildFile; fileRef = 34C4B4EC1E0857E100536AB7 /* Reusable.swift */; };
		34C4B4F11E0857E100536AB7 /* TableViewReusable.swift in Sources */ = {isa = PBXBuildFile; fileRef = 34C4B4ED1E0857E100536AB7 /* TableViewReusable.swift */; };
		34C4B4F31E08593100536AB7 /* HomeDelegate.swift in Sources */ = {isa = PBXBuildFile; fileRef = 34C4B4F21E08593100536AB7 /* HomeDelegate.swift */; };
		34C4B4F61E0877E000536AB7 /* NotificationView.xib in Resources */ = {isa = PBXBuildFile; fileRef = 34C4B4F51E0877E000536AB7 /* NotificationView.xib */; };
		34C4B4F81E0879D100536AB7 /* NotificationView.swift in Sources */ = {isa = PBXBuildFile; fileRef = 34C4B4F71E0879D100536AB7 /* NotificationView.swift */; };
		34C4B4FB1E087CD800536AB7 /* Color.swift in Sources */ = {isa = PBXBuildFile; fileRef = 34C4B4FA1E087CD800536AB7 /* Color.swift */; };
		34C4B4FD1E087CFA00536AB7 /* ViewCreatable.swift in Sources */ = {isa = PBXBuildFile; fileRef = 34C4B4FC1E087CFA00536AB7 /* ViewCreatable.swift */; };
		34C4B5001E09B12A00536AB7 /* NotificationPermission.swift in Sources */ = {isa = PBXBuildFile; fileRef = 34C4B4FF1E09B12A00536AB7 /* NotificationPermission.swift */; };
		34DA41E61E08414100E64D77 /* AppDelegate.swift in Sources */ = {isa = PBXBuildFile; fileRef = 34DA41E51E08414100E64D77 /* AppDelegate.swift */; };
		34DA41EB1E08414100E64D77 /* Main.storyboard in Resources */ = {isa = PBXBuildFile; fileRef = 34DA41E91E08414100E64D77 /* Main.storyboard */; };
		34DA41ED1E08414100E64D77 /* Assets.xcassets in Resources */ = {isa = PBXBuildFile; fileRef = 34DA41EC1E08414100E64D77 /* Assets.xcassets */; };
		34DA41F01E08414100E64D77 /* LaunchScreen.storyboard in Resources */ = {isa = PBXBuildFile; fileRef = 34DA41EE1E08414100E64D77 /* LaunchScreen.storyboard */; };
/* End PBXBuildFile section */

/* Begin PBXFileReference section */
		34404F021E0AE1FB0085AFC2 /* Notification.swift */ = {isa = PBXFileReference; fileEncoding = 4; lastKnownFileType = sourcecode.swift; path = Notification.swift; sourceTree = "<group>"; };
		34404F0A1E0AFC970085AFC2 /* UserNotifications.framework */ = {isa = PBXFileReference; lastKnownFileType = wrapper.framework; name = UserNotifications.framework; path = System/Library/Frameworks/UserNotifications.framework; sourceTree = SDKROOT; };
		34404F0C1E0AFC970085AFC2 /* UserNotificationsUI.framework */ = {isa = PBXFileReference; lastKnownFileType = wrapper.framework; name = UserNotificationsUI.framework; path = System/Library/Frameworks/UserNotificationsUI.framework; sourceTree = SDKROOT; };
		34404F2D1E0B11CA0085AFC2 /* NotificationIdentifier.swift */ = {isa = PBXFileReference; fileEncoding = 4; lastKnownFileType = sourcecode.swift; path = NotificationIdentifier.swift; sourceTree = "<group>"; };
		34404F511E0D5E110085AFC2 /* NotificationService.appex */ = {isa = PBXFileReference; explicitFileType = "wrapper.app-extension"; includeInIndex = 0; path = NotificationService.appex; sourceTree = BUILT_PRODUCTS_DIR; };
		34404F5D1E0D68090085AFC2 /* Service.swift */ = {isa = PBXFileReference; fileEncoding = 4; lastKnownFileType = sourcecode.swift; path = Service.swift; sourceTree = "<group>"; };
		34404F5F1E0D6A970085AFC2 /* ImageDownloader.swift */ = {isa = PBXFileReference; fileEncoding = 4; lastKnownFileType = sourcecode.swift; path = ImageDownloader.swift; sourceTree = "<group>"; };
		34404F621E0D6B8F0085AFC2 /* CacheItem.swift */ = {isa = PBXFileReference; fileEncoding = 4; lastKnownFileType = sourcecode.swift; path = CacheItem.swift; sourceTree = "<group>"; };
		34C4B4D91E08479E00536AB7 /* HomeController.swift */ = {isa = PBXFileReference; fileEncoding = 4; lastKnownFileType = sourcecode.swift; path = HomeController.swift; sourceTree = "<group>"; };
		34C4B4DD1E08486E00536AB7 /* CategoryCell.swift */ = {isa = PBXFileReference; fileEncoding = 4; lastKnownFileType = sourcecode.swift; path = CategoryCell.swift; sourceTree = "<group>"; };
		34C4B4DE1E08486E00536AB7 /* CategoryCell.xib */ = {isa = PBXFileReference; fileEncoding = 4; lastKnownFileType = file.xib; path = CategoryCell.xib; sourceTree = "<group>"; };
		34C4B4E21E08490200536AB7 /* Category.swift */ = {isa = PBXFileReference; fileEncoding = 4; lastKnownFileType = sourcecode.swift; path = Category.swift; sourceTree = "<group>"; };
		34C4B4E41E08558000536AB7 /* HomeDataSource.swift */ = {isa = PBXFileReference; fileEncoding = 4; lastKnownFileType = sourcecode.swift; path = HomeDataSource.swift; sourceTree = "<group>"; };
		34C4B4E71E08576600536AB7 /* Just.swift */ = {isa = PBXFileReference; fileEncoding = 4; lastKnownFileType = sourcecode.swift; path = Just.swift; sourceTree = "<group>"; };
		34C4B4EA1E0857E100536AB7 /* CollectionViewReusable.swift */ = {isa = PBXFileReference; fileEncoding = 4; lastKnownFileType = sourcecode.swift; path = CollectionViewReusable.swift; sourceTree = "<group>"; };
		34C4B4EB1E0857E100536AB7 /* NibCreatable.swift */ = {isa = PBXFileReference; fileEncoding = 4; lastKnownFileType = sourcecode.swift; path = NibCreatable.swift; sourceTree = "<group>"; };
		34C4B4EC1E0857E100536AB7 /* Reusable.swift */ = {isa = PBXFileReference; fileEncoding = 4; lastKnownFileType = sourcecode.swift; path = Reusable.swift; sourceTree = "<group>"; };
		34C4B4ED1E0857E100536AB7 /* TableViewReusable.swift */ = {isa = PBXFileReference; fileEncoding = 4; lastKnownFileType = sourcecode.swift; path = TableViewReusable.swift; sourceTree = "<group>"; };
		34C4B4F21E08593100536AB7 /* HomeDelegate.swift */ = {isa = PBXFileReference; fileEncoding = 4; lastKnownFileType = sourcecode.swift; path = HomeDelegate.swift; sourceTree = "<group>"; };
		34C4B4F51E0877E000536AB7 /* NotificationView.xib */ = {isa = PBXFileReference; fileEncoding = 4; lastKnownFileType = file.xib; path = NotificationView.xib; sourceTree = "<group>"; };
		34C4B4F71E0879D100536AB7 /* NotificationView.swift */ = {isa = PBXFileReference; fileEncoding = 4; lastKnownFileType = sourcecode.swift; path = NotificationView.swift; sourceTree = "<group>"; };
		34C4B4FA1E087CD800536AB7 /* Color.swift */ = {isa = PBXFileReference; fileEncoding = 4; lastKnownFileType = sourcecode.swift; path = Color.swift; sourceTree = "<group>"; };
		34C4B4FC1E087CFA00536AB7 /* ViewCreatable.swift */ = {isa = PBXFileReference; fileEncoding = 4; lastKnownFileType = sourcecode.swift; path = ViewCreatable.swift; sourceTree = "<group>"; };
		34C4B4FF1E09B12A00536AB7 /* NotificationPermission.swift */ = {isa = PBXFileReference; fileEncoding = 4; lastKnownFileType = sourcecode.swift; path = NotificationPermission.swift; sourceTree = "<group>"; };
		34DA41E21E08414100E64D77 /* RandomNotification.app */ = {isa = PBXFileReference; explicitFileType = wrapper.application; includeInIndex = 0; path = RandomNotification.app; sourceTree = BUILT_PRODUCTS_DIR; };
		34DA41E51E08414100E64D77 /* AppDelegate.swift */ = {isa = PBXFileReference; lastKnownFileType = sourcecode.swift; path = AppDelegate.swift; sourceTree = "<group>"; };
		34DA41EA1E08414100E64D77 /* Base */ = {isa = PBXFileReference; lastKnownFileType = file.storyboard; name = Base; path = Base.lproj/Main.storyboard; sourceTree = "<group>"; };
		34DA41EC1E08414100E64D77 /* Assets.xcassets */ = {isa = PBXFileReference; lastKnownFileType = folder.assetcatalog; path = Assets.xcassets; sourceTree = "<group>"; };
		34DA41EF1E08414100E64D77 /* Base */ = {isa = PBXFileReference; lastKnownFileType = file.storyboard; name = Base; path = Base.lproj/LaunchScreen.storyboard; sourceTree = "<group>"; };
		34DA41F11E08414100E64D77 /* Info.plist */ = {isa = PBXFileReference; lastKnownFileType = text.plist.xml; path = Info.plist; sourceTree = "<group>"; };
/* End PBXFileReference section */

/* Begin PBXFrameworksBuildPhase section */
		34404F4E1E0D5E110085AFC2 /* Frameworks */ = {
			isa = PBXFrameworksBuildPhase;
			buildActionMask = 2147483647;
			files = (
			);
			runOnlyForDeploymentPostprocessing = 0;
		};
		34DA41DF1E08414100E64D77 /* Frameworks */ = {
			isa = PBXFrameworksBuildPhase;
			buildActionMask = 2147483647;
			files = (
			);
			runOnlyForDeploymentPostprocessing = 0;
		};
/* End PBXFrameworksBuildPhase section */

/* Begin PBXGroup section */
		34404F091E0AFC970085AFC2 /* Frameworks */ = {
			isa = PBXGroup;
			children = (
				34404F0A1E0AFC970085AFC2 /* UserNotifications.framework */,
				34404F0C1E0AFC970085AFC2 /* UserNotificationsUI.framework */,
			);
			name = Frameworks;
			sourceTree = "<group>";
		};
		34404F5C1E0D67E30085AFC2 /* Service */ = {
			isa = PBXGroup;
			children = (
				34404F5D1E0D68090085AFC2 /* Service.swift */,
			);
			name = Service;
			sourceTree = "<group>";
		};
		34404F611E0D6B710085AFC2 /* ImageDownloader */ = {
			isa = PBXGroup;
			children = (
				34404F5F1E0D6A970085AFC2 /* ImageDownloader.swift */,
				34404F621E0D6B8F0085AFC2 /* CacheItem.swift */,
			);
			name = ImageDownloader;
			sourceTree = "<group>";
		};
		34C4B4D81E08479200536AB7 /* View */ = {
			isa = PBXGroup;
			children = (
				34C4B4DB1E0847A200536AB7 /* Home */,
			);
			name = View;
			sourceTree = "<group>";
		};
		34C4B4DB1E0847A200536AB7 /* Home */ = {
			isa = PBXGroup;
			children = (
				34C4B4DC1E08485B00536AB7 /* TableView */,
				34C4B4F41E08765D00536AB7 /* NotificationView */,
				34C4B4D91E08479E00536AB7 /* HomeController.swift */,
			);
			name = Home;
			sourceTree = "<group>";
		};
		34C4B4DC1E08485B00536AB7 /* TableView */ = {
			isa = PBXGroup;
			children = (
				34C4B4DE1E08486E00536AB7 /* CategoryCell.xib */,
				34C4B4DD1E08486E00536AB7 /* CategoryCell.swift */,
				34C4B4E41E08558000536AB7 /* HomeDataSource.swift */,
				34C4B4F21E08593100536AB7 /* HomeDelegate.swift */,
			);
			name = TableView;
			sourceTree = "<group>";
		};
		34C4B4E11E0848F600536AB7 /* Model */ = {
			isa = PBXGroup;
			children = (
				34C4B4E21E08490200536AB7 /* Category.swift */,
			);
			name = Model;
			sourceTree = "<group>";
		};
		34C4B4E61E08575600536AB7 /* Libraries */ = {
			isa = PBXGroup;
			children = (
				34C4B4E91E0857D800536AB7 /* Reusable */,
				34C4B4E71E08576600536AB7 /* Just.swift */,
			);
			name = Libraries;
			sourceTree = "<group>";
		};
		34C4B4E91E0857D800536AB7 /* Reusable */ = {
			isa = PBXGroup;
			children = (
				34C4B4EA1E0857E100536AB7 /* CollectionViewReusable.swift */,
				34C4B4EB1E0857E100536AB7 /* NibCreatable.swift */,
				34C4B4EC1E0857E100536AB7 /* Reusable.swift */,
				34C4B4ED1E0857E100536AB7 /* TableViewReusable.swift */,
			);
			name = Reusable;
			sourceTree = "<group>";
		};
		34C4B4F41E08765D00536AB7 /* NotificationView */ = {
			isa = PBXGroup;
			children = (
				34C4B4F51E0877E000536AB7 /* NotificationView.xib */,
				34C4B4F71E0879D100536AB7 /* NotificationView.swift */,
			);
			name = NotificationView;
			sourceTree = "<group>";
		};
		34C4B4F91E087C8300536AB7 /* Util */ = {
			isa = PBXGroup;
			children = (
				34404F611E0D6B710085AFC2 /* ImageDownloader */,
				34C4B4FA1E087CD800536AB7 /* Color.swift */,
				34C4B4FC1E087CFA00536AB7 /* ViewCreatable.swift */,
			);
			name = Util;
			sourceTree = "<group>";
		};
		34C4B4FE1E09B10400536AB7 /* Notification */ = {
			isa = PBXGroup;
			children = (
				34C4B4FF1E09B12A00536AB7 /* NotificationPermission.swift */,
				34404F021E0AE1FB0085AFC2 /* Notification.swift */,
				34404F2D1E0B11CA0085AFC2 /* NotificationIdentifier.swift */,
			);
			name = Notification;
			sourceTree = "<group>";
		};
		34DA41D91E08414100E64D77 = {
			isa = PBXGroup;
			children = (
				34DA41E41E08414100E64D77 /* RandomNotification */,
				34404F091E0AFC970085AFC2 /* Frameworks */,
				34DA41E31E08414100E64D77 /* Products */,
			);
			sourceTree = "<group>";
		};
		34DA41E31E08414100E64D77 /* Products */ = {
			isa = PBXGroup;
			children = (
				34DA41E21E08414100E64D77 /* RandomNotification.app */,
				34404F511E0D5E110085AFC2 /* NotificationService.appex */,
			);
			name = Products;
			sourceTree = "<group>";
		};
		34DA41E41E08414100E64D77 /* RandomNotification */ = {
			isa = PBXGroup;
			children = (
				34404F5C1E0D67E30085AFC2 /* Service */,
				34C4B4E11E0848F600536AB7 /* Model */,
				34C4B4D81E08479200536AB7 /* View */,
				34DA41F91E08417500E64D77 /* Storyboard */,
				34C4B4FE1E09B10400536AB7 /* Notification */,
				34C4B4F91E087C8300536AB7 /* Util */,
				34C4B4E61E08575600536AB7 /* Libraries */,
				34DA41F81E08416D00E64D77 /* Resources */,
				34DA41F71E08415A00E64D77 /* Supporting Files */,
			);
			path = RandomNotification;
			sourceTree = "<group>";
		};
		34DA41F71E08415A00E64D77 /* Supporting Files */ = {
			isa = PBXGroup;
			children = (
				34DA41E51E08414100E64D77 /* AppDelegate.swift */,
				34DA41F11E08414100E64D77 /* Info.plist */,
			);
			name = "Supporting Files";
			sourceTree = "<group>";
		};
		34DA41F81E08416D00E64D77 /* Resources */ = {
			isa = PBXGroup;
			children = (
				34DA41EC1E08414100E64D77 /* Assets.xcassets */,
			);
			name = Resources;
			sourceTree = "<group>";
		};
		34DA41F91E08417500E64D77 /* Storyboard */ = {
			isa = PBXGroup;
			children = (
				34DA41E91E08414100E64D77 /* Main.storyboard */,
				34DA41EE1E08414100E64D77 /* LaunchScreen.storyboard */,
			);
			name = Storyboard;
			sourceTree = "<group>";
		};
/* End PBXGroup section */

/* Begin PBXNativeTarget section */
		34404F501E0D5E110085AFC2 /* NotificationService */ = {
			isa = PBXNativeTarget;
			buildConfigurationList = 34404F591E0D5E110085AFC2 /* Build configuration list for PBXNativeTarget "NotificationService" */;
			buildPhases = (
				34404F4D1E0D5E110085AFC2 /* Sources */,
				34404F4E1E0D5E110085AFC2 /* Frameworks */,
				34404F4F1E0D5E110085AFC2 /* Resources */,
			);
			buildRules = (
			);
			dependencies = (
			);
			name = NotificationService;
			productName = NotificationService;
			productReference = 34404F511E0D5E110085AFC2 /* NotificationService.appex */;
			productType = "com.apple.product-type.app-extension";
		};
		34DA41E11E08414100E64D77 /* RandomNotification */ = {
			isa = PBXNativeTarget;
			buildConfigurationList = 34DA41F41E08414100E64D77 /* Build configuration list for PBXNativeTarget "RandomNotification" */;
			buildPhases = (
				34DA41DE1E08414100E64D77 /* Sources */,
				34DA41DF1E08414100E64D77 /* Frameworks */,
				34DA41E01E08414100E64D77 /* Resources */,
			);
			buildRules = (
			);
			dependencies = (
			);
			name = RandomNotification;
			productName = RandomNotification;
			productReference = 34DA41E21E08414100E64D77 /* RandomNotification.app */;
			productType = "com.apple.product-type.application";
		};
/* End PBXNativeTarget section */

/* Begin PBXProject section */
		34DA41DA1E08414100E64D77 /* Project object */ = {
			isa = PBXProject;
			attributes = {
				LastSwiftUpdateCheck = 0820;
				LastUpgradeCheck = 0820;
				ORGANIZATIONNAME = CalebeEmerick;
				TargetAttributes = {
					34404F501E0D5E110085AFC2 = {
						CreatedOnToolsVersion = 8.2.1;
						DevelopmentTeam = 578EBFNU9W;
						ProvisioningStyle = Automatic;
					};
					34DA41E11E08414100E64D77 = {
						CreatedOnToolsVersion = 8.2;
						DevelopmentTeam = 578EBFNU9W;
						ProvisioningStyle = Automatic;
					};
				};
			};
			buildConfigurationList = 34DA41DD1E08414100E64D77 /* Build configuration list for PBXProject "RandomNotification" */;
			compatibilityVersion = "Xcode 3.2";
			developmentRegion = English;
			hasScannedForEncodings = 0;
			knownRegions = (
				en,
				Base,
			);
			mainGroup = 34DA41D91E08414100E64D77;
			productRefGroup = 34DA41E31E08414100E64D77 /* Products */;
			projectDirPath = "";
			projectRoot = "";
			targets = (
				34DA41E11E08414100E64D77 /* RandomNotification */,
				34404F501E0D5E110085AFC2 /* NotificationService */,
			);
		};
/* End PBXProject section */

/* Begin PBXResourcesBuildPhase section */
		34404F4F1E0D5E110085AFC2 /* Resources */ = {
			isa = PBXResourcesBuildPhase;
			buildActionMask = 2147483647;
			files = (
			);
			runOnlyForDeploymentPostprocessing = 0;
		};
		34DA41E01E08414100E64D77 /* Resources */ = {
			isa = PBXResourcesBuildPhase;
			buildActionMask = 2147483647;
			files = (
				34DA41F01E08414100E64D77 /* LaunchScreen.storyboard in Resources */,
				34DA41ED1E08414100E64D77 /* Assets.xcassets in Resources */,
				34DA41EB1E08414100E64D77 /* Main.storyboard in Resources */,
				34C4B4E01E08486E00536AB7 /* CategoryCell.xib in Resources */,
				34C4B4F61E0877E000536AB7 /* NotificationView.xib in Resources */,
			);
			runOnlyForDeploymentPostprocessing = 0;
		};
/* End PBXResourcesBuildPhase section */

/* Begin PBXSourcesBuildPhase section */
		34404F4D1E0D5E110085AFC2 /* Sources */ = {
			isa = PBXSourcesBuildPhase;
			buildActionMask = 2147483647;
			files = (
			);
			runOnlyForDeploymentPostprocessing = 0;
		};
		34DA41DE1E08414100E64D77 /* Sources */ = {
			isa = PBXSourcesBuildPhase;
			buildActionMask = 2147483647;
			files = (
				34C4B4F11E0857E100536AB7 /* TableViewReusable.swift in Sources */,
				34C4B4F31E08593100536AB7 /* HomeDelegate.swift in Sources */,
				34C4B4E51E08558000536AB7 /* HomeDataSource.swift in Sources */,
				34C4B4EF1E0857E100536AB7 /* NibCreatable.swift in Sources */,
				34404F031E0AE1FB0085AFC2 /* Notification.swift in Sources */,
				34404F5E1E0D68090085AFC2 /* Service.swift in Sources */,
				34404F2E1E0B11CA0085AFC2 /* NotificationIdentifier.swift in Sources */,
				34C4B4FB1E087CD800536AB7 /* Color.swift in Sources */,
				34404F601E0D6A970085AFC2 /* ImageDownloader.swift in Sources */,
				34C4B4DA1E08479E00536AB7 /* HomeController.swift in Sources */,
				34C4B4FD1E087CFA00536AB7 /* ViewCreatable.swift in Sources */,
				34C4B4F01E0857E100536AB7 /* Reusable.swift in Sources */,
				34DA41E61E08414100E64D77 /* AppDelegate.swift in Sources */,
				34404F631E0D6B8F0085AFC2 /* CacheItem.swift in Sources */,
				34C4B4E81E08576600536AB7 /* Just.swift in Sources */,
				34C4B4DF1E08486E00536AB7 /* CategoryCell.swift in Sources */,
				34C4B5001E09B12A00536AB7 /* NotificationPermission.swift in Sources */,
				34C4B4EE1E0857E100536AB7 /* CollectionViewReusable.swift in Sources */,
				34C4B4E31E08490200536AB7 /* Category.swift in Sources */,
				34C4B4F81E0879D100536AB7 /* NotificationView.swift in Sources */,
			);
			runOnlyForDeploymentPostprocessing = 0;
		};
/* End PBXSourcesBuildPhase section */

/* Begin PBXVariantGroup section */
		34DA41E91E08414100E64D77 /* Main.storyboard */ = {
			isa = PBXVariantGroup;
			children = (
				34DA41EA1E08414100E64D77 /* Base */,
			);
			name = Main.storyboard;
			sourceTree = "<group>";
		};
		34DA41EE1E08414100E64D77 /* LaunchScreen.storyboard */ = {
			isa = PBXVariantGroup;
			children = (
				34DA41EF1E08414100E64D77 /* Base */,
			);
			name = LaunchScreen.storyboard;
			sourceTree = "<group>";
		};
/* End PBXVariantGroup section */

/* Begin XCBuildConfiguration section */
		34404F5A1E0D5E110085AFC2 /* Debug */ = {
			isa = XCBuildConfiguration;
			buildSettings = {
				DEVELOPMENT_TEAM = 578EBFNU9W;
				INFOPLIST_FILE = NotificationService/Info.plist;
				IPHONEOS_DEPLOYMENT_TARGET = 10.2;
				LD_RUNPATH_SEARCH_PATHS = "$(inherited) @executable_path/Frameworks @executable_path/../../Frameworks";
				PRODUCT_BUNDLE_IDENTIFIER = com.calebeemerick.RandomNotification.NotificationService;
				PRODUCT_NAME = "$(TARGET_NAME)";
				SKIP_INSTALL = YES;
				SWIFT_VERSION = 3.0;
			};
			name = Debug;
		};
		34404F5B1E0D5E110085AFC2 /* Release */ = {
			isa = XCBuildConfiguration;
			buildSettings = {
				DEVELOPMENT_TEAM = 578EBFNU9W;
				INFOPLIST_FILE = NotificationService/Info.plist;
				IPHONEOS_DEPLOYMENT_TARGET = 10.2;
				LD_RUNPATH_SEARCH_PATHS = "$(inherited) @executable_path/Frameworks @executable_path/../../Frameworks";
				PRODUCT_BUNDLE_IDENTIFIER = com.calebeemerick.RandomNotification.NotificationService;
				PRODUCT_NAME = "$(TARGET_NAME)";
				SKIP_INSTALL = YES;
				SWIFT_VERSION = 3.0;
			};
			name = Release;
		};
		34DA41F21E08414100E64D77 /* Debug */ = {
			isa = XCBuildConfiguration;
			buildSettings = {
				ALWAYS_SEARCH_USER_PATHS = NO;
				CLANG_ANALYZER_NONNULL = YES;
				CLANG_CXX_LANGUAGE_STANDARD = "gnu++0x";
				CLANG_CXX_LIBRARY = "libc++";
				CLANG_ENABLE_MODULES = YES;
				CLANG_ENABLE_OBJC_ARC = YES;
				CLANG_WARN_BOOL_CONVERSION = YES;
				CLANG_WARN_CONSTANT_CONVERSION = YES;
				CLANG_WARN_DIRECT_OBJC_ISA_USAGE = YES_ERROR;
				CLANG_WARN_DOCUMENTATION_COMMENTS = YES;
				CLANG_WARN_EMPTY_BODY = YES;
				CLANG_WARN_ENUM_CONVERSION = YES;
				CLANG_WARN_INFINITE_RECURSION = YES;
				CLANG_WARN_INT_CONVERSION = YES;
				CLANG_WARN_OBJC_ROOT_CLASS = YES_ERROR;
				CLANG_WARN_SUSPICIOUS_MOVE = YES;
				CLANG_WARN_UNREACHABLE_CODE = YES;
				CLANG_WARN__DUPLICATE_METHOD_MATCH = YES;
				"CODE_SIGN_IDENTITY[sdk=iphoneos*]" = "iPhone Developer";
				COPY_PHASE_STRIP = NO;
				DEBUG_INFORMATION_FORMAT = dwarf;
				ENABLE_STRICT_OBJC_MSGSEND = YES;
				ENABLE_TESTABILITY = YES;
				GCC_C_LANGUAGE_STANDARD = gnu99;
				GCC_DYNAMIC_NO_PIC = NO;
				GCC_NO_COMMON_BLOCKS = YES;
				GCC_OPTIMIZATION_LEVEL = 0;
				GCC_PREPROCESSOR_DEFINITIONS = (
					"DEBUG=1",
					"$(inherited)",
				);
				GCC_WARN_64_TO_32_BIT_CONVERSION = YES;
				GCC_WARN_ABOUT_RETURN_TYPE = YES_ERROR;
				GCC_WARN_UNDECLARED_SELECTOR = YES;
				GCC_WARN_UNINITIALIZED_AUTOS = YES_AGGRESSIVE;
				GCC_WARN_UNUSED_FUNCTION = YES;
				GCC_WARN_UNUSED_VARIABLE = YES;
				IPHONEOS_DEPLOYMENT_TARGET = 10.0;
				MTL_ENABLE_DEBUG_INFO = YES;
				ONLY_ACTIVE_ARCH = YES;
				SDKROOT = iphoneos;
				SWIFT_ACTIVE_COMPILATION_CONDITIONS = DEBUG;
				SWIFT_OPTIMIZATION_LEVEL = "-Onone";
			};
			name = Debug;
		};
		34DA41F31E08414100E64D77 /* Release */ = {
			isa = XCBuildConfiguration;
			buildSettings = {
				ALWAYS_SEARCH_USER_PATHS = NO;
				CLANG_ANALYZER_NONNULL = YES;
				CLANG_CXX_LANGUAGE_STANDARD = "gnu++0x";
				CLANG_CXX_LIBRARY = "libc++";
				CLANG_ENABLE_MODULES = YES;
				CLANG_ENABLE_OBJC_ARC = YES;
				CLANG_WARN_BOOL_CONVERSION = YES;
				CLANG_WARN_CONSTANT_CONVERSION = YES;
				CLANG_WARN_DIRECT_OBJC_ISA_USAGE = YES_ERROR;
				CLANG_WARN_DOCUMENTATION_COMMENTS = YES;
				CLANG_WARN_EMPTY_BODY = YES;
				CLANG_WARN_ENUM_CONVERSION = YES;
				CLANG_WARN_INFINITE_RECURSION = YES;
				CLANG_WARN_INT_CONVERSION = YES;
				CLANG_WARN_OBJC_ROOT_CLASS = YES_ERROR;
				CLANG_WARN_SUSPICIOUS_MOVE = YES;
				CLANG_WARN_UNREACHABLE_CODE = YES;
				CLANG_WARN__DUPLICATE_METHOD_MATCH = YES;
				"CODE_SIGN_IDENTITY[sdk=iphoneos*]" = "iPhone Developer";
				COPY_PHASE_STRIP = NO;
				DEBUG_INFORMATION_FORMAT = "dwarf-with-dsym";
				ENABLE_NS_ASSERTIONS = NO;
				ENABLE_STRICT_OBJC_MSGSEND = YES;
				GCC_C_LANGUAGE_STANDARD = gnu99;
				GCC_NO_COMMON_BLOCKS = YES;
				GCC_WARN_64_TO_32_BIT_CONVERSION = YES;
				GCC_WARN_ABOUT_RETURN_TYPE = YES_ERROR;
				GCC_WARN_UNDECLARED_SELECTOR = YES;
				GCC_WARN_UNINITIALIZED_AUTOS = YES_AGGRESSIVE;
				GCC_WARN_UNUSED_FUNCTION = YES;
				GCC_WARN_UNUSED_VARIABLE = YES;
				IPHONEOS_DEPLOYMENT_TARGET = 10.0;
				MTL_ENABLE_DEBUG_INFO = NO;
				SDKROOT = iphoneos;
				SWIFT_OPTIMIZATION_LEVEL = "-Owholemodule";
				VALIDATE_PRODUCT = YES;
			};
			name = Release;
		};
		34DA41F51E08414100E64D77 /* Debug */ = {
			isa = XCBuildConfiguration;
			buildSettings = {
				ASSETCATALOG_COMPILER_APPICON_NAME = AppIcon;
				DEVELOPMENT_TEAM = 578EBFNU9W;
				INFOPLIST_FILE = RandomNotification/Info.plist;
				IPHONEOS_DEPLOYMENT_TARGET = 10.0;
				LD_RUNPATH_SEARCH_PATHS = "$(inherited) @executable_path/Frameworks";
				PRODUCT_BUNDLE_IDENTIFIER = com.calebeemerick.RandomNotification;
				PRODUCT_NAME = "$(TARGET_NAME)";
				SWIFT_VERSION = 3.0;
			};
			name = Debug;
		};
		34DA41F61E08414100E64D77 /* Release */ = {
			isa = XCBuildConfiguration;
			buildSettings = {
				ASSETCATALOG_COMPILER_APPICON_NAME = AppIcon;
				DEVELOPMENT_TEAM = 578EBFNU9W;
				INFOPLIST_FILE = RandomNotification/Info.plist;
				IPHONEOS_DEPLOYMENT_TARGET = 10.0;
				LD_RUNPATH_SEARCH_PATHS = "$(inherited) @executable_path/Frameworks";
				PRODUCT_BUNDLE_IDENTIFIER = com.calebeemerick.RandomNotification;
				PRODUCT_NAME = "$(TARGET_NAME)";
				SWIFT_VERSION = 3.0;
			};
			name = Release;
		};
/* End XCBuildConfiguration section */

/* Begin XCConfigurationList section */
		34404F591E0D5E110085AFC2 /* Build configuration list for PBXNativeTarget "NotificationService" */ = {
			isa = XCConfigurationList;
			buildConfigurations = (
				34404F5A1E0D5E110085AFC2 /* Debug */,
				34404F5B1E0D5E110085AFC2 /* Release */,
			);
			defaultConfigurationIsVisible = 0;
			defaultConfigurationName = Release;
		};
		34DA41DD1E08414100E64D77 /* Build configuration list for PBXProject "RandomNotification" */ = {
			isa = XCConfigurationList;
			buildConfigurations = (
				34DA41F21E08414100E64D77 /* Debug */,
				34DA41F31E08414100E64D77 /* Release */,
			);
			defaultConfigurationIsVisible = 0;
			defaultConfigurationName = Release;
		};
		34DA41F41E08414100E64D77 /* Build configuration list for PBXNativeTarget "RandomNotification" */ = {
			isa = XCConfigurationList;
			buildConfigurations = (
				34DA41F51E08414100E64D77 /* Debug */,
				34DA41F61E08414100E64D77 /* Release */,
			);
			defaultConfigurationIsVisible = 0;
			defaultConfigurationName = Release;
		};
/* End XCConfigurationList section */
	};
	rootObject = 34DA41DA1E08414100E64D77 /* Project object */;
}
